
Microsoft Visual Studio Solution File, Format Version 12.00
# Visual Studio Version 17
VisualStudioVersion = 17.3.32901.215
MinimumVisualStudioVersion = 10.0.40219.1
Project("{8BC9CEB8-8B4A-11D0-8D11-00A0C91BC942}") = "examen vraag 5 superheld", "examen vraag 5 superheld\examen vraag 5 superheld.vcxproj", "{54457CF8-4F7E-46C8-9C2A-11256D518544}"
EndProject
Global
	GlobalSection(SolutionConfigurationPlatforms) = preSolution
		Debug|x64 = Debug|x64
		Debug|x86 = Debug|x86
		Release|x64 = Release|x64
		Release|x86 = Release|x86
	EndGlobalSection
	GlobalSection(ProjectConfigurationPlatforms) = postSolution
		{54457CF8-4F7E-46C8-9C2A-11256D518544}.Debug|x64.ActiveCfg = Debug|x64
		{54457CF8-4F7E-46C8-9C2A-11256D518544}.Debug|x64.Build.0 = Debug|x64
		{54457CF8-4F7E-46C8-9C2A-11256D518544}.Debug|x86.ActiveCfg = Debug|Win32
		{54457CF8-4F7E-46C8-9C2A-11256D518544}.Debug|x86.Build.0 = Debug|Win32
		{54457CF8-4F7E-46C8-9C2A-11256D518544}.Release|x64.ActiveCfg = Release|x64
		{54457CF8-4F7E-46C8-9C2A-11256D518544}.Release|x64.Build.0 = Release|x64
		{54457CF8-4F7E-46C8-9C2A-11256D518544}.Release|x86.ActiveCfg = Release|Win32
		{54457CF8-4F7E-46C8-9C2A-11256D518544}.Release|x86.Build.0 = Release|Win32
	EndGlobalSection
	GlobalSection(SolutionProperties) = preSolution
		HideSolutionNode = FALSE
	EndGlobalSection
	GlobalSection(ExtensibilityGlobals) = postSolution
		SolutionGuid = {5A8CCA7E-CB3B-4569-BD51-64592BAFAE40}
	EndGlobalSection
EndGlobal
