
Microsoft Visual Studio Solution File, Format Version 12.00
# Visual Studio 15
VisualStudioVersion = 15.0.27428.2015
MinimumVisualStudioVersion = 10.0.40219.1
Project("{8BC9CEB8-8B4A-11D0-8D11-00A0C91BC942}") = "Oef1-1", "Oef1-1\Oef1-1.vcxproj", "{6E0185DE-2C68-41E7-BBC6-9B1946F5D974}"
EndProject
Project("{8BC9CEB8-8B4A-11D0-8D11-00A0C91BC942}") = "Oef1-2", "Oef1-2\Oef1-2.vcxproj", "{453824B6-B152-4261-AEA8-B0F2F18BF1D5}"
EndProject
Project("{8BC9CEB8-8B4A-11D0-8D11-00A0C91BC942}") = "Oef1-3", "Oef1-3\Oef1-3.vcxproj", "{82BE371D-B2D1-4320-8806-1953ECCED3CD}"
EndProject
Project("{8BC9CEB8-8B4A-11D0-8D11-00A0C91BC942}") = "Oef1-4", "Oef1-4\Oef1-4.vcxproj", "{766DC10F-5487-4EE8-A3F1-A49D2D1ECB6E}"
EndProject
Project("{8BC9CEB8-8B4A-11D0-8D11-00A0C91BC942}") = "Oef1-5", "Oef1-5\Oef1-5.vcxproj", "{4CAFEE3C-5845-4DA0-966C-0EBCD25240F0}"
EndProject
Global
	GlobalSection(SolutionConfigurationPlatforms) = preSolution
		Debug|x64 = Debug|x64
		Debug|x86 = Debug|x86
		Release|x64 = Release|x64
		Release|x86 = Release|x86
	EndGlobalSection
	GlobalSection(ProjectConfigurationPlatforms) = postSolution
		{6E0185DE-2C68-41E7-BBC6-9B1946F5D974}.Debug|x64.ActiveCfg = Debug|x64
		{6E0185DE-2C68-41E7-BBC6-9B1946F5D974}.Debug|x64.Build.0 = Debug|x64
		{6E0185DE-2C68-41E7-BBC6-9B1946F5D974}.Debug|x86.ActiveCfg = Debug|Win32
		{6E0185DE-2C68-41E7-BBC6-9B1946F5D974}.Debug|x86.Build.0 = Debug|Win32
		{6E0185DE-2C68-41E7-BBC6-9B1946F5D974}.Release|x64.ActiveCfg = Release|x64
		{6E0185DE-2C68-41E7-BBC6-9B1946F5D974}.Release|x64.Build.0 = Release|x64
		{6E0185DE-2C68-41E7-BBC6-9B1946F5D974}.Release|x86.ActiveCfg = Release|Win32
		{6E0185DE-2C68-41E7-BBC6-9B1946F5D974}.Release|x86.Build.0 = Release|Win32
		{453824B6-B152-4261-AEA8-B0F2F18BF1D5}.Debug|x64.ActiveCfg = Debug|x64
		{453824B6-B152-4261-AEA8-B0F2F18BF1D5}.Debug|x64.Build.0 = Debug|x64
		{453824B6-B152-4261-AEA8-B0F2F18BF1D5}.Debug|x86.ActiveCfg = Debug|Win32
		{453824B6-B152-4261-AEA8-B0F2F18BF1D5}.Debug|x86.Build.0 = Debug|Win32
		{453824B6-B152-4261-AEA8-B0F2F18BF1D5}.Release|x64.ActiveCfg = Release|x64
		{453824B6-B152-4261-AEA8-B0F2F18BF1D5}.Release|x64.Build.0 = Release|x64
		{453824B6-B152-4261-AEA8-B0F2F18BF1D5}.Release|x86.ActiveCfg = Release|Win32
		{453824B6-B152-4261-AEA8-B0F2F18BF1D5}.Release|x86.Build.0 = Release|Win32
		{82BE371D-B2D1-4320-8806-1953ECCED3CD}.Debug|x64.ActiveCfg = Debug|x64
		{82BE371D-B2D1-4320-8806-1953ECCED3CD}.Debug|x64.Build.0 = Debug|x64
		{82BE371D-B2D1-4320-8806-1953ECCED3CD}.Debug|x86.ActiveCfg = Debug|Win32
		{82BE371D-B2D1-4320-8806-1953ECCED3CD}.Debug|x86.Build.0 = Debug|Win32
		{82BE371D-B2D1-4320-8806-1953ECCED3CD}.Release|x64.ActiveCfg = Release|x64
		{82BE371D-B2D1-4320-8806-1953ECCED3CD}.Release|x64.Build.0 = Release|x64
		{82BE371D-B2D1-4320-8806-1953ECCED3CD}.Release|x86.ActiveCfg = Release|Win32
		{82BE371D-B2D1-4320-8806-1953ECCED3CD}.Release|x86.Build.0 = Release|Win32
		{766DC10F-5487-4EE8-A3F1-A49D2D1ECB6E}.Debug|x64.ActiveCfg = Debug|x64
		{766DC10F-5487-4EE8-A3F1-A49D2D1ECB6E}.Debug|x64.Build.0 = Debug|x64
		{766DC10F-5487-4EE8-A3F1-A49D2D1ECB6E}.Debug|x86.ActiveCfg = Debug|Win32
		{766DC10F-5487-4EE8-A3F1-A49D2D1ECB6E}.Debug|x86.Build.0 = Debug|Win32
		{766DC10F-5487-4EE8-A3F1-A49D2D1ECB6E}.Release|x64.ActiveCfg = Release|x64
		{766DC10F-5487-4EE8-A3F1-A49D2D1ECB6E}.Release|x64.Build.0 = Release|x64
		{766DC10F-5487-4EE8-A3F1-A49D2D1ECB6E}.Release|x86.ActiveCfg = Release|Win32
		{766DC10F-5487-4EE8-A3F1-A49D2D1ECB6E}.Release|x86.Build.0 = Release|Win32
		{4CAFEE3C-5845-4DA0-966C-0EBCD25240F0}.Debug|x64.ActiveCfg = Debug|x64
		{4CAFEE3C-5845-4DA0-966C-0EBCD25240F0}.Debug|x64.Build.0 = Debug|x64
		{4CAFEE3C-5845-4DA0-966C-0EBCD25240F0}.Debug|x86.ActiveCfg = Debug|Win32
		{4CAFEE3C-5845-4DA0-966C-0EBCD25240F0}.Debug|x86.Build.0 = Debug|Win32
		{4CAFEE3C-5845-4DA0-966C-0EBCD25240F0}.Release|x64.ActiveCfg = Release|x64
		{4CAFEE3C-5845-4DA0-966C-0EBCD25240F0}.Release|x64.Build.0 = Release|x64
		{4CAFEE3C-5845-4DA0-966C-0EBCD25240F0}.Release|x86.ActiveCfg = Release|Win32
		{4CAFEE3C-5845-4DA0-966C-0EBCD25240F0}.Release|x86.Build.0 = Release|Win32
	EndGlobalSection
	GlobalSection(SolutionProperties) = preSolution
		HideSolutionNode = FALSE
	EndGlobalSection
	GlobalSection(ExtensibilityGlobals) = postSolution
		SolutionGuid = {C9C45D0D-1BEB-46AB-AB6B-0561F83F9E81}
	EndGlobalSection
EndGlobal
