
Microsoft Visual Studio Solution File, Format Version 12.00
# Visual Studio Version 17
VisualStudioVersion = 17.3.32901.215
MinimumVisualStudioVersion = 10.0.40219.1
Project("{8BC9CEB8-8B4A-11D0-8D11-00A0C91BC942}") = "WE1 5.3", "WE1 5.3\WE1 5.3.vcxproj", "{185A7BA7-2EFB-45AE-9056-06E74112E8D6}"
EndProject
Global
	GlobalSection(SolutionConfigurationPlatforms) = preSolution
		Debug|x64 = Debug|x64
		Debug|x86 = Debug|x86
		Release|x64 = Release|x64
		Release|x86 = Release|x86
	EndGlobalSection
	GlobalSection(ProjectConfigurationPlatforms) = postSolution
		{185A7BA7-2EFB-45AE-9056-06E74112E8D6}.Debug|x64.ActiveCfg = Debug|x64
		{185A7BA7-2EFB-45AE-9056-06E74112E8D6}.Debug|x64.Build.0 = Debug|x64
		{185A7BA7-2EFB-45AE-9056-06E74112E8D6}.Debug|x86.ActiveCfg = Debug|Win32
		{185A7BA7-2EFB-45AE-9056-06E74112E8D6}.Debug|x86.Build.0 = Debug|Win32
		{185A7BA7-2EFB-45AE-9056-06E74112E8D6}.Release|x64.ActiveCfg = Release|x64
		{185A7BA7-2EFB-45AE-9056-06E74112E8D6}.Release|x64.Build.0 = Release|x64
		{185A7BA7-2EFB-45AE-9056-06E74112E8D6}.Release|x86.ActiveCfg = Release|Win32
		{185A7BA7-2EFB-45AE-9056-06E74112E8D6}.Release|x86.Build.0 = Release|Win32
	EndGlobalSection
	GlobalSection(SolutionProperties) = preSolution
		HideSolutionNode = FALSE
	EndGlobalSection
	GlobalSection(ExtensibilityGlobals) = postSolution
		SolutionGuid = {8DDB6D37-0C86-471D-A902-0E6BC14726C0}
	EndGlobalSection
EndGlobal
